<?xml version="1.0" encoding="utf-8"?>
<Project ToolsVersion="4.0" xmlns="http://schemas.microsoft.com/developer/msbuild/2003">
  <ItemGroup>
    <Filter Include="Form Files">
      <UniqueIdentifier>{99349809-55BA-4b9d-BF79-8FDBB0286EB3}</UniqueIdentifier>
      <Extensions>ui</Extensions>
      <ParseFiles>false</ParseFiles>
    </Filter>
    <Filter Include="Form Files">
      <UniqueIdentifier>{99349809-55BA-4b9d-BF79-8FDBB0286EB3}</UniqueIdentifier>
      <Extensions>ui</Extensions>
      <ParseFiles>false</ParseFiles>
    </Filter>
    <Filter Include="Generated Files">
      <UniqueIdentifier>{71ED8ED8-ACB9-4CE9-BBE1-E00B30144E11}</UniqueIdentifier>
      <Extensions>cpp;c;cxx;moc;h;def;odl;idl;res;</Extensions>
    </Filter>
    <Filter Include="Generated Files">
      <UniqueIdentifier>{71ED8ED8-ACB9-4CE9-BBE1-E00B30144E11}</UniqueIdentifier>
      <Extensions>cpp;c;cxx;moc;h;def;odl;idl;res;</Extensions>
    </Filter>
    <Filter Include="Header Files">
      <UniqueIdentifier>{93995380-89BD-4b04-88EB-625FBE52EBFB}</UniqueIdentifier>
      <Extensions>h;hpp;hxx;hm;inl;inc;xsd</Extensions>
    </Filter>
    <Filter Include="Header Files">
      <UniqueIdentifier>{93995380-89BD-4b04-88EB-625FBE52EBFB}</UniqueIdentifier>
      <Extensions>h;hpp;hxx;hm;inl;inc;xsd</Extensions>
    </Filter>
    <Filter Include="Resource Files">
      <UniqueIdentifier>{D9D6E242-F8AF-46E4-B9FD-80ECBC20BA3E}</UniqueIdentifier>
      <Extensions>qrc;*</Extensions>
      <ParseFiles>false</ParseFiles>
    </Filter>
    <Filter Include="Resource Files">
      <UniqueIdentifier>{D9D6E242-F8AF-46E4-B9FD-80ECBC20BA3E}</UniqueIdentifier>
      <Extensions>qrc;*</Extensions>
      <ParseFiles>false</ParseFiles>
    </Filter>
    <Filter Include="Source Files">
      <UniqueIdentifier>{4FC737F1-C7A5-4376-A066-2A32D752A2FF}</UniqueIdentifier>
      <Extensions>cpp;c;cxx;def;odl;idl;hpj;bat;asm;asmx</Extensions>
    </Filter>
    <Filter Include="Source Files">
      <UniqueIdentifier>{4FC737F1-C7A5-4376-A066-2A32D752A2FF}</UniqueIdentifier>
      <Extensions>cpp;c;cxx;def;odl;idl;hpj;bat;asm;asmx</Extensions>
    </Filter>
    <Filter Include="Translation Files">
      <UniqueIdentifier>{639EADAA-A684-42e4-A9AD-28FC9BCB8F7C}</UniqueIdentifier>
      <Extensions>ts;xlf</Extensions>
      <ParseFiles>false</ParseFiles>
    </Filter>
    <Filter Include="Translation Files">
      <UniqueIdentifier>{639EADAA-A684-42e4-A9AD-28FC9BCB8F7C}</UniqueIdentifier>
      <Extensions>ts;xlf</Extensions>
      <ParseFiles>false</ParseFiles>
    </Filter>
  </ItemGroup>
  <ItemGroup>
    <ClCompile Include="source\dbmysql.cpp">
      <Filter>Source Files</Filter>
    </ClCompile>
    <ClCompile Include="source\dbsqlite.cpp">
      <Filter>Source Files</Filter>
    </ClCompile>
    <ClCompile Include="source\main.cpp">
      <Filter>Source Files</Filter>
    </ClCompile>
    <ClCompile Include="source\mainform.cpp">
      <Filter>Source Files</Filter>
    </ClCompile>
  </ItemGroup>
  <ItemGroup>
    <CustomBuild Include="include\dbmysql.h">
      <Filter>Header Files</Filter>
    </CustomBuild>
    <CustomBuild Include="include\dbsqlite.h">
      <Filter>Header Files</Filter>
    </CustomBuild>
    <CustomBuild Include="include\mainform.h">
      <Filter>Header Files</Filter>
    </CustomBuild>
  </ItemGroup>
  <ItemGroup>
    <ClCompile Include="f:\delusoft\trunk\qtverify\release\RUNHOME\tmp\qtverify\moc\moc_dbmysql.cpp">
      <Filter>Generated Files</Filter>
    </ClCompile>
    <ClCompile Include="f:\delusoft\trunk\qtverify\release\RUNHOME\tmp\qtverify\moc\moc_dbsqlite.cpp">
      <Filter>Generated Files</Filter>
    </ClCompile>
    <ClCompile Include="f:\delusoft\trunk\qtverify\release\RUNHOME\tmp\qtverify\moc\moc_mainform.cpp">
      <Filter>Generated Files</Filter>
    </ClCompile>
    <ClCompile Include="debug\qrc_qtverify.cpp">
      <Filter>Generated Files</Filter>
    </ClCompile>
    <ClCompile Include="release\qrc_qtverify.cpp">
      <Filter>Generated Files</Filter>
    </ClCompile>
    <ClInclude Include="f:\delusoft\trunk\qtverify\release\RUNHOME\tmp\qtverify\ui\ui_dbmysql.h">
      <Filter>Generated Files</Filter>
    </ClInclude>
    <ClInclude Include="f:\delusoft\trunk\qtverify\release\RUNHOME\tmp\qtverify\ui\ui_dbsqlite.h">
      <Filter>Generated Files</Filter>
    </ClInclude>
    <ClInclude Include="f:\delusoft\trunk\qtverify\release\RUNHOME\tmp\qtverify\ui\ui_mainform.h">
      <Filter>Generated Files</Filter>
    </ClInclude>
  </ItemGroup>
  <ItemGroup>
    <None Include="language\qtverify_en.ts">
      <Filter>Translation Files</Filter>
    </None>
    <None Include="language\qtverify_zh.ts">
      <Filter>Translation Files</Filter>
    </None>
  </ItemGroup>
  <ItemGroup>
    <CustomBuild Include="ui\dbmysql.ui">
      <Filter>Form Files</Filter>
    </CustomBuild>
    <CustomBuild Include="ui\dbsqlite.ui">
      <Filter>Form Files</Filter>
    </CustomBuild>
    <CustomBuild Include="ui\mainform.ui">
      <Filter>Form Files</Filter>
    </CustomBuild>
  </ItemGroup>
  <ItemGroup>
    <None Include="images\about.png">
      <Filter>Resource Files</Filter>
    </None>
    <None Include="images\access_free.png">
      <Filter>Resource Files</Filter>
    </None>
    <None Include="images\data_export.png">
      <Filter>Resource Files</Filter>
    </None>
    <None Include="images\data_import.png">
      <Filter>Resource Files</Filter>
    </None>
    <None Include="images\data_save.png">
      <Filter>Resource Files</Filter>
    </None>
    <None Include="images\debug.png">
      <Filter>Resource Files</Filter>
    </None>
    <None Include="images\delulogo.png">
      <Filter>Resource Files</Filter>
    </None>
    <None Include="images\describe.png">
      <Filter>Resource Files</Filter>
    </None>
    <None Include="images\disp_prop_set.png">
      <Filter>Resource Files</Filter>
    </None>
    <None Include="images\event_set.png">
      <Filter>Resource Files</Filter>
    </None>
    <None Include="images\exit.png">
      <Filter>Resource Files</Filter>
    </None>
    <None Include="images\help.png">
      <Filter>Resource Files</Filter>
    </None>
    <None Include="images\his_day_access.png">
      <Filter>Resource Files</Filter>
    </None>
    <None Include="images\his_export.png">
      <Filter>Resource Files</Filter>
    </None>
    <None Include="images\his_import.png">
      <Filter>Resource Files</Filter>
    </None>
    <None Include="images\his_month_access.png">
      <Filter>Resource Files</Filter>
    </None>
    <None Include="images\his_year_access.png">
      <Filter>Resource Files</Filter>
    </None>
    <None Include="images\ldf_control.PNG">
      <Filter>Resource Files</Filter>
    </None>
    <None Include="images\ldf_createitem.PNG">
      <Filter>Resource Files</Filter>
    </None>
    <None Include="images\ldf_exec.PNG">
      <Filter>Resource Files</Filter>
    </None>
    <None Include="images\ldf_execguide.PNG">
      <Filter>Resource Files</Filter>
    </None>
    <None Include="images\ldf_exit.PNG">
      <Filter>Resource Files</Filter>
    </None>
    <None Include="images\ldf_outputfile.PNG">
      <Filter>Resource Files</Filter>
    </None>
    <None Include="images\ldf_readdata.PNG">
      <Filter>Resource Files</Filter>
    </None>
    <None Include="images\ldf_sampleclean.PNG">
      <Filter>Resource Files</Filter>
    </None>
    <None Include="images\ldf_sampledata.PNG">
      <Filter>Resource Files</Filter>
    </None>
    <None Include="images\ldf_sampledate.PNG">
      <Filter>Resource Files</Filter>
    </None>
    <None Include="images\ldf_sampledweight.PNG">
      <Filter>Resource Files</Filter>
    </None>
    <None Include="images\ldf_saveascurdata.PNG">
      <Filter>Resource Files</Filter>
    </None>
    <None Include="images\ldf_savecurdata.PNG">
      <Filter>Resource Files</Filter>
    </None>
    <None Include="images\ldf_showcurdata.PNG">
      <Filter>Resource Files</Filter>
    </None>
    <None Include="images\ldfgui_icon.png">
      <Filter>Resource Files</Filter>
    </None>
    <None Include="images\modifypara.png">
      <Filter>Resource Files</Filter>
    </None>
    <None Include="images\ontimer.png">
      <Filter>Resource Files</Filter>
    </None>
    <CustomBuild Include="qtverify.qrc">
      <Filter>Resource Files</Filter>
    </CustomBuild>
    <None Include="images\save.png">
      <Filter>Resource Files</Filter>
    </None>
    <None Include="images\setting.png">
      <Filter>Resource Files</Filter>
    </None>
    <None Include="images\time_modify.png">
      <Filter>Resource Files</Filter>
    </None>
    <None Include="images\tree_leaf_close.png">
      <Filter>Resource Files</Filter>
    </None>
    <None Include="images\tree_leaf_open.png">
      <Filter>Resource Files</Filter>
    </None>
    <None Include="images\tree_node_close.png">
      <Filter>Resource Files</Filter>
    </None>
    <None Include="images\tree_node_open.png">
      <Filter>Resource Files</Filter>
    </None>
    <None Include="images\tree_top_close.png">
      <Filter>Resource Files</Filter>
    </None>
    <None Include="images\tree_top_open.png">
      <Filter>Resource Files</Filter>
    </None>
  </ItemGroup>
</Project>