
Microsoft Visual Studio Solution File, Format Version 11.00
# Visual Studio 2010
Project("{8BC9CEB8-8B4A-11D0-8D11-00A0C91BC942}") = "comset", "comset\comset.vcxproj", "{BEF4AA2B-B217-37C0-95AD-0ED2B0283991}"
EndProject
Project("{8BC9CEB8-8B4A-11D0-8D11-00A0C91BC942}") = "comsetdlg", "comset\comsetdlg\comsetdlg.vcxproj", "{ACBCFCED-5545-33E5-8750-559E710EA3AE}"
EndProject
Project("{8BC9CEB8-8B4A-11D0-8D11-00A0C91BC942}") = "protocol", "protocol\protocol.vcxproj", "{8F584EDB-EA1B-3E01-9432-0EBD925AD3A5}"
EndProject
Project("{8BC9CEB8-8B4A-11D0-8D11-00A0C91BC942}") = "quality", "quality\quality.vcxproj", "{6E31D5B5-13E0-38D0-95A5-CCD9D5C18FFC}"
EndProject
Project("{8BC9CEB8-8B4A-11D0-8D11-00A0C91BC942}") = "qualitydlg", "quality\qualitydlg\qualitydlg.vcxproj", "{AF57B8FF-7632-3DAD-9CC4-0E8EEB13DCA1}"
EndProject
Project("{8BC9CEB8-8B4A-11D0-8D11-00A0C91BC942}") = "qtverify", "gui\qtverify.vcxproj", "{35939D43-2522-30BD-9EFE-588E087CCC7C}"
EndProject
Project("{8BC9CEB8-8B4A-11D0-8D11-00A0C91BC942}") = "logger", "logger\logger.vcxproj", "{59C254AC-D30D-3A6E-AB3C-0E562ED06EB9}"
EndProject
Project("{8BC9CEB8-8B4A-11D0-8D11-00A0C91BC942}") = "comobject", "comobject\comobject.vcxproj", "{B9236E22-F6EE-306A-A056-643996CD12AB}"
EndProject
Project("{8BC9CEB8-8B4A-11D0-8D11-00A0C91BC942}") = "qtexdb", "qtexdb\qtexdb.vcxproj", "{E6934CA9-CE3D-3A0D-9822-8EAE2A8E0584}"
EndProject
Project("{8BC9CEB8-8B4A-11D0-8D11-00A0C91BC942}") = "algorithm", "algorithm\algorithm.vcxproj", "{73BFE56E-C4FA-32D7-8C38-5F651501336A}"
EndProject
Project("{8BC9CEB8-8B4A-11D0-8D11-00A0C91BC942}") = "masterslaveset", "masterslaveset\masterslaveset.vcxproj", "{E52D31BD-0E86-32DB-ACFA-AD603A6E20E1}"
EndProject
Project("{8BC9CEB8-8B4A-11D0-8D11-00A0C91BC942}") = "logindialog", "userMange\logindialog\logindialog.vcxproj", "{8AA99D97-DACD-3166-975D-3D406A050F11}"
EndProject
Project("{8BC9CEB8-8B4A-11D0-8D11-00A0C91BC942}") = "weightmethod", "weightMethod\weightmethod.vcxproj", "{6468725C-514C-3711-A12F-1C2DB70C67D4}"
EndProject
Global
	GlobalSection(SolutionConfigurationPlatforms) = preSolution
		Debug|Win32 = Debug|Win32
		Release|Win32 = Release|Win32
	EndGlobalSection
	GlobalSection(ProjectConfigurationPlatforms) = postSolution
		{BEF4AA2B-B217-37C0-95AD-0ED2B0283991}.Debug|Win32.ActiveCfg = Debug|Win32
		{BEF4AA2B-B217-37C0-95AD-0ED2B0283991}.Debug|Win32.Build.0 = Debug|Win32
		{BEF4AA2B-B217-37C0-95AD-0ED2B0283991}.Release|Win32.ActiveCfg = Release|Win32
		{BEF4AA2B-B217-37C0-95AD-0ED2B0283991}.Release|Win32.Build.0 = Release|Win32
		{ACBCFCED-5545-33E5-8750-559E710EA3AE}.Debug|Win32.ActiveCfg = Debug|Win32
		{ACBCFCED-5545-33E5-8750-559E710EA3AE}.Debug|Win32.Build.0 = Debug|Win32
		{ACBCFCED-5545-33E5-8750-559E710EA3AE}.Release|Win32.ActiveCfg = Release|Win32
		{ACBCFCED-5545-33E5-8750-559E710EA3AE}.Release|Win32.Build.0 = Release|Win32
		{8F584EDB-EA1B-3E01-9432-0EBD925AD3A5}.Debug|Win32.ActiveCfg = Debug|Win32
		{8F584EDB-EA1B-3E01-9432-0EBD925AD3A5}.Debug|Win32.Build.0 = Debug|Win32
		{8F584EDB-EA1B-3E01-9432-0EBD925AD3A5}.Release|Win32.ActiveCfg = Release|Win32
		{8F584EDB-EA1B-3E01-9432-0EBD925AD3A5}.Release|Win32.Build.0 = Release|Win32
		{6E31D5B5-13E0-38D0-95A5-CCD9D5C18FFC}.Debug|Win32.ActiveCfg = Debug|Win32
		{6E31D5B5-13E0-38D0-95A5-CCD9D5C18FFC}.Debug|Win32.Build.0 = Debug|Win32
		{6E31D5B5-13E0-38D0-95A5-CCD9D5C18FFC}.Release|Win32.ActiveCfg = Release|Win32
		{6E31D5B5-13E0-38D0-95A5-CCD9D5C18FFC}.Release|Win32.Build.0 = Release|Win32
		{AF57B8FF-7632-3DAD-9CC4-0E8EEB13DCA1}.Debug|Win32.ActiveCfg = Debug|Win32
		{AF57B8FF-7632-3DAD-9CC4-0E8EEB13DCA1}.Debug|Win32.Build.0 = Debug|Win32
		{AF57B8FF-7632-3DAD-9CC4-0E8EEB13DCA1}.Release|Win32.ActiveCfg = Release|Win32
		{AF57B8FF-7632-3DAD-9CC4-0E8EEB13DCA1}.Release|Win32.Build.0 = Release|Win32
		{35939D43-2522-30BD-9EFE-588E087CCC7C}.Debug|Win32.ActiveCfg = Debug|Win32
		{35939D43-2522-30BD-9EFE-588E087CCC7C}.Debug|Win32.Build.0 = Debug|Win32
		{35939D43-2522-30BD-9EFE-588E087CCC7C}.Release|Win32.ActiveCfg = Release|Win32
		{35939D43-2522-30BD-9EFE-588E087CCC7C}.Release|Win32.Build.0 = Release|Win32
		{59C254AC-D30D-3A6E-AB3C-0E562ED06EB9}.Debug|Win32.ActiveCfg = Debug|Win32
		{59C254AC-D30D-3A6E-AB3C-0E562ED06EB9}.Debug|Win32.Build.0 = Debug|Win32
		{59C254AC-D30D-3A6E-AB3C-0E562ED06EB9}.Release|Win32.ActiveCfg = Release|Win32
		{59C254AC-D30D-3A6E-AB3C-0E562ED06EB9}.Release|Win32.Build.0 = Release|Win32
		{B9236E22-F6EE-306A-A056-643996CD12AB}.Debug|Win32.ActiveCfg = Debug|Win32
		{B9236E22-F6EE-306A-A056-643996CD12AB}.Debug|Win32.Build.0 = Debug|Win32
		{B9236E22-F6EE-306A-A056-643996CD12AB}.Release|Win32.ActiveCfg = Release|Win32
		{B9236E22-F6EE-306A-A056-643996CD12AB}.Release|Win32.Build.0 = Release|Win32
		{E6934CA9-CE3D-3A0D-9822-8EAE2A8E0584}.Debug|Win32.ActiveCfg = Debug|Win32
		{E6934CA9-CE3D-3A0D-9822-8EAE2A8E0584}.Debug|Win32.Build.0 = Debug|Win32
		{E6934CA9-CE3D-3A0D-9822-8EAE2A8E0584}.Release|Win32.ActiveCfg = Release|Win32
		{E6934CA9-CE3D-3A0D-9822-8EAE2A8E0584}.Release|Win32.Build.0 = Release|Win32
		{73BFE56E-C4FA-32D7-8C38-5F651501336A}.Debug|Win32.ActiveCfg = Debug|Win32
		{73BFE56E-C4FA-32D7-8C38-5F651501336A}.Debug|Win32.Build.0 = Debug|Win32
		{73BFE56E-C4FA-32D7-8C38-5F651501336A}.Release|Win32.ActiveCfg = Release|Win32
		{73BFE56E-C4FA-32D7-8C38-5F651501336A}.Release|Win32.Build.0 = Release|Win32
		{E52D31BD-0E86-32DB-ACFA-AD603A6E20E1}.Debug|Win32.ActiveCfg = Debug|Win32
		{E52D31BD-0E86-32DB-ACFA-AD603A6E20E1}.Debug|Win32.Build.0 = Debug|Win32
		{E52D31BD-0E86-32DB-ACFA-AD603A6E20E1}.Release|Win32.ActiveCfg = Release|Win32
		{E52D31BD-0E86-32DB-ACFA-AD603A6E20E1}.Release|Win32.Build.0 = Release|Win32
		{8AA99D97-DACD-3166-975D-3D406A050F11}.Debug|Win32.ActiveCfg = Debug|Win32
		{8AA99D97-DACD-3166-975D-3D406A050F11}.Debug|Win32.Build.0 = Debug|Win32
		{8AA99D97-DACD-3166-975D-3D406A050F11}.Release|Win32.ActiveCfg = Release|Win32
		{8AA99D97-DACD-3166-975D-3D406A050F11}.Release|Win32.Build.0 = Release|Win32
		{6468725C-514C-3711-A12F-1C2DB70C67D4}.Debug|Win32.ActiveCfg = Debug|Win32
		{6468725C-514C-3711-A12F-1C2DB70C67D4}.Debug|Win32.Build.0 = Debug|Win32
		{6468725C-514C-3711-A12F-1C2DB70C67D4}.Release|Win32.ActiveCfg = Release|Win32
		{6468725C-514C-3711-A12F-1C2DB70C67D4}.Release|Win32.Build.0 = Release|Win32
	EndGlobalSection
	GlobalSection(SolutionProperties) = preSolution
		HideSolutionNode = FALSE
	EndGlobalSection
EndGlobal
