
Microsoft Visual Studio Solution File, Format Version 11.00
# Visual Studio 2010
Project("{8BC9CEB8-8B4A-11D0-8D11-00A0C91BC942}") = "alg", "alg\alg.vcxproj", "{F78EC62D-3B66-3B1A-A19B-4BF5FEC8916A}"
EndProject
Project("{8BC9CEB8-8B4A-11D0-8D11-00A0C91BC942}") = "comset", "comset\comset.vcxproj", "{BEF4AA2B-B217-37C0-95AD-0ED2B0283991}"
EndProject
Project("{8BC9CEB8-8B4A-11D0-8D11-00A0C91BC942}") = "comsetdlg", "comset\comsetdlg\comsetdlg.vcxproj", "{ACBCFCED-5545-33E5-8750-559E710EA3AE}"
EndProject
Project("{8BC9CEB8-8B4A-11D0-8D11-00A0C91BC942}") = "protocol", "protocol\protocol.vcxproj", "{8F584EDB-EA1B-3E01-9432-0EBD925AD3A5}"
EndProject
Project("{8BC9CEB8-8B4A-11D0-8D11-00A0C91BC942}") = "quality", "quality\quality.vcxproj", "{6E31D5B5-13E0-38D0-95A5-CCD9D5C18FFC}"
EndProject
Project("{8BC9CEB8-8B4A-11D0-8D11-00A0C91BC942}") = "qualitydlg", "quality\qualitydlg\qualitydlg.vcxproj", "{AF57B8FF-7632-3DAD-9CC4-0E8EEB13DCA1}"
EndProject
Project("{8BC9CEB8-8B4A-11D0-8D11-00A0C91BC942}") = "qtverify", "gui\qtverify.vcxproj", "{35939D43-2522-30BD-9EFE-588E087CCC7C}"
EndProject
Project("{8BC9CEB8-8B4A-11D0-8D11-00A0C91BC942}") = "logger", "logger\logger.vcxproj", "{FC6B21DE-AA78-34D2-85F3-2250C185FFA1}"
EndProject
Global
	GlobalSection(SolutionConfigurationPlatforms) = preSolution
		Debug|Win32 = Debug|Win32
		Release|Win32 = Release|Win32
	EndGlobalSection
	GlobalSection(ProjectConfigurationPlatforms) = postSolution
		{F78EC62D-3B66-3B1A-A19B-4BF5FEC8916A}.Debug|Win32.ActiveCfg = Debug|Win32
		{F78EC62D-3B66-3B1A-A19B-4BF5FEC8916A}.Debug|Win32.Build.0 = Debug|Win32
		{F78EC62D-3B66-3B1A-A19B-4BF5FEC8916A}.Release|Win32.ActiveCfg = Release|Win32
		{F78EC62D-3B66-3B1A-A19B-4BF5FEC8916A}.Release|Win32.Build.0 = Release|Win32
		{BEF4AA2B-B217-37C0-95AD-0ED2B0283991}.Debug|Win32.ActiveCfg = Debug|Win32
		{BEF4AA2B-B217-37C0-95AD-0ED2B0283991}.Debug|Win32.Build.0 = Debug|Win32
		{BEF4AA2B-B217-37C0-95AD-0ED2B0283991}.Release|Win32.ActiveCfg = Release|Win32
		{BEF4AA2B-B217-37C0-95AD-0ED2B0283991}.Release|Win32.Build.0 = Release|Win32
		{ACBCFCED-5545-33E5-8750-559E710EA3AE}.Debug|Win32.ActiveCfg = Debug|Win32
		{ACBCFCED-5545-33E5-8750-559E710EA3AE}.Debug|Win32.Build.0 = Debug|Win32
		{ACBCFCED-5545-33E5-8750-559E710EA3AE}.Release|Win32.ActiveCfg = Release|Win32
		{ACBCFCED-5545-33E5-8750-559E710EA3AE}.Release|Win32.Build.0 = Release|Win32
		{8F584EDB-EA1B-3E01-9432-0EBD925AD3A5}.Debug|Win32.ActiveCfg = Debug|Win32
		{8F584EDB-EA1B-3E01-9432-0EBD925AD3A5}.Debug|Win32.Build.0 = Debug|Win32
		{8F584EDB-EA1B-3E01-9432-0EBD925AD3A5}.Release|Win32.ActiveCfg = Release|Win32
		{8F584EDB-EA1B-3E01-9432-0EBD925AD3A5}.Release|Win32.Build.0 = Release|Win32
		{6E31D5B5-13E0-38D0-95A5-CCD9D5C18FFC}.Debug|Win32.ActiveCfg = Debug|Win32
		{6E31D5B5-13E0-38D0-95A5-CCD9D5C18FFC}.Debug|Win32.Build.0 = Debug|Win32
		{6E31D5B5-13E0-38D0-95A5-CCD9D5C18FFC}.Release|Win32.ActiveCfg = Release|Win32
		{6E31D5B5-13E0-38D0-95A5-CCD9D5C18FFC}.Release|Win32.Build.0 = Release|Win32
		{AF57B8FF-7632-3DAD-9CC4-0E8EEB13DCA1}.Debug|Win32.ActiveCfg = Debug|Win32
		{AF57B8FF-7632-3DAD-9CC4-0E8EEB13DCA1}.Debug|Win32.Build.0 = Debug|Win32
		{AF57B8FF-7632-3DAD-9CC4-0E8EEB13DCA1}.Release|Win32.ActiveCfg = Release|Win32
		{AF57B8FF-7632-3DAD-9CC4-0E8EEB13DCA1}.Release|Win32.Build.0 = Release|Win32
		{35939D43-2522-30BD-9EFE-588E087CCC7C}.Debug|Win32.ActiveCfg = Debug|Win32
		{35939D43-2522-30BD-9EFE-588E087CCC7C}.Debug|Win32.Build.0 = Debug|Win32
		{35939D43-2522-30BD-9EFE-588E087CCC7C}.Release|Win32.ActiveCfg = Release|Win32
		{35939D43-2522-30BD-9EFE-588E087CCC7C}.Release|Win32.Build.0 = Release|Win32
		{FC6B21DE-AA78-34D2-85F3-2250C185FFA1}.Debug|Win32.ActiveCfg = Debug|Win32
		{FC6B21DE-AA78-34D2-85F3-2250C185FFA1}.Debug|Win32.Build.0 = Debug|Win32
		{FC6B21DE-AA78-34D2-85F3-2250C185FFA1}.Release|Win32.ActiveCfg = Release|Win32
		{FC6B21DE-AA78-34D2-85F3-2250C185FFA1}.Release|Win32.Build.0 = Release|Win32
	EndGlobalSection
	GlobalSection(SolutionProperties) = preSolution
		HideSolutionNode = FALSE
	EndGlobalSection
EndGlobal
